// !$*UTF8*$!
{
	archiveVersion = 1;
	classes = {
	};
	objectVersion = 48;
	objects = {

/* Begin PBXBuildFile section */
		09F23F6C62672E9527CFB4B8 /* libPods-NEWRIBAO.a in Frameworks */ = {isa = PBXBuildFile; fileRef = 7C75D44218C3E0831B38869C /* libPods-NEWRIBAO.a */; };
		6718607B218F336700F4EBCE /* ZRBLoadMoreView.m in Sources */ = {isa = PBXBuildFile; fileRef = 6718607A218F336700F4EBCE /* ZRBLoadMoreView.m */; };
		671C0CEA21AA41C7003ACB81 /* 9.png in Resources */ = {isa = PBXBuildFile; fileRef = 671C0CE921AA41C7003ACB81 /* 9.png */; };
		671CDADA21A4463E0051A896 /* ZRBLongCommentsJSONModel.m in Sources */ = {isa = PBXBuildFile; fileRef = 671CDAD921A4463E0051A896 /* ZRBLongCommentsJSONModel.m */; };
		67200DEB21A96927002ED436 /* ZRBCommentsTableViewHeaderView.m in Sources */ = {isa = PBXBuildFile; fileRef = 67200DEA21A96927002ED436 /* ZRBCommentsTableViewHeaderView.m */; };
		67200DEE21A97D55002ED436 /* ZRBShortCommentsJSONModel.m in Sources */ = {isa = PBXBuildFile; fileRef = 67200DED21A97D55002ED436 /* ZRBShortCommentsJSONModel.m */; };
		6721FB3021A2DFF800A189FA /* ZRBTabBarView.m in Sources */ = {isa = PBXBuildFile; fileRef = 6721FB2F21A2DFF800A189FA /* ZRBTabBarView.m */; };
		6721FB3621A2E4C000A189FA /* 7.png in Resources */ = {isa = PBXBuildFile; fileRef = 6721FB3121A2E4BF00A189FA /* 7.png */; };
		6721FB3721A2E4C000A189FA /* 6.png in Resources */ = {isa = PBXBuildFile; fileRef = 6721FB3221A2E4BF00A189FA /* 6.png */; };
		6721FB3821A2E4C000A189FA /* 4.png in Resources */ = {isa = PBXBuildFile; fileRef = 6721FB3321A2E4BF00A189FA /* 4.png */; };
		6721FB3921A2E4C000A189FA /* 3.png in Resources */ = {isa = PBXBuildFile; fileRef = 6721FB3421A2E4C000A189FA /* 3.png */; };
		6721FB3A21A2E4C000A189FA /* 5.png in Resources */ = {isa = PBXBuildFile; fileRef = 6721FB3521A2E4C000A189FA /* 5.png */; };
		6721FB3E21A2ECC500A189FA /* ZRBCommentView.m in Sources */ = {isa = PBXBuildFile; fileRef = 6721FB3D21A2ECC500A189FA /* ZRBCommentView.m */; };
		6721FB4121A2EFA300A189FA /* ZRBCommentViewController.m in Sources */ = {isa = PBXBuildFile; fileRef = 6721FB4021A2EFA300A189FA /* ZRBCommentViewController.m */; };
		6721FB8221A3014100A189FA /* ZRBCommentManager.m in Sources */ = {isa = PBXBuildFile; fileRef = 6721FB8121A3014100A189FA /* ZRBCommentManager.m */; };
		672887BA21A7A37F00EF7656 /* 8.png in Resources */ = {isa = PBXBuildFile; fileRef = 672887B921A7A37F00EF7656 /* 8.png */; };
		672FEC0F21A185B0002C5B4C /* 2.png in Resources */ = {isa = PBXBuildFile; fileRef = 672FEC0E21A185AF002C5B4C /* 2.png */; };
		672FEC1221A1A33D002C5B4C /* ZRBClickNewsJSONModel.m in Sources */ = {isa = PBXBuildFile; fileRef = 672FEC1121A1A33D002C5B4C /* ZRBClickNewsJSONModel.m */; };
		6736950521918C1B00425A45 /* ZRBCoordinateMananger.m in Sources */ = {isa = PBXBuildFile; fileRef = 6736950421918C1B00425A45 /* ZRBCoordinateMananger.m */; };
		673695082191DF2400425A45 /* ZRBOnceUponDataJSONModel.m in Sources */ = {isa = PBXBuildFile; fileRef = 673695072191DF2400425A45 /* ZRBOnceUponDataJSONModel.m */; };
		673F78BB218745A60085F745 /* ZRBPushMainNavigationViewController.m in Sources */ = {isa = PBXBuildFile; fileRef = 673F78BA218745A60085F745 /* ZRBPushMainNavigationViewController.m */; };
		673FBE662185E387000CA6BD /* AppDelegate.m in Sources */ = {isa = PBXBuildFile; fileRef = 673FBE652185E387000CA6BD /* AppDelegate.m */; };
		673FBE692185E387000CA6BD /* ViewController.m in Sources */ = {isa = PBXBuildFile; fileRef = 673FBE682185E387000CA6BD /* ViewController.m */; };
		673FBE6C2185E387000CA6BD /* Main.storyboard in Resources */ = {isa = PBXBuildFile; fileRef = 673FBE6A2185E387000CA6BD /* Main.storyboard */; };
		673FBE6E2185E387000CA6BD /* Assets.xcassets in Resources */ = {isa = PBXBuildFile; fileRef = 673FBE6D2185E387000CA6BD /* Assets.xcassets */; };
		673FBE712185E387000CA6BD /* LaunchScreen.storyboard in Resources */ = {isa = PBXBuildFile; fileRef = 673FBE6F2185E387000CA6BD /* LaunchScreen.storyboard */; };
		673FBE742185E387000CA6BD /* main.m in Sources */ = {isa = PBXBuildFile; fileRef = 673FBE732185E387000CA6BD /* main.m */; };
		673FBE7E2185E387000CA6BD /* NEWRIBAOTests.m in Sources */ = {isa = PBXBuildFile; fileRef = 673FBE7D2185E387000CA6BD /* NEWRIBAOTests.m */; };
		673FBE892185E387000CA6BD /* NEWRIBAOUITests.m in Sources */ = {isa = PBXBuildFile; fileRef = 673FBE882185E387000CA6BD /* NEWRIBAOUITests.m */; };
		673FBED22185F568000CA6BD /* ZRBMessageTableViewCell.m in Sources */ = {isa = PBXBuildFile; fileRef = 673FBED12185F568000CA6BD /* ZRBMessageTableViewCell.m */; };
		673FBED52185F5C6000CA6BD /* ZRBMessageVView.m in Sources */ = {isa = PBXBuildFile; fileRef = 673FBED42185F5C6000CA6BD /* ZRBMessageVView.m */; };
		673FBED82185F639000CA6BD /* ZRBMyMessageViewController.m in Sources */ = {isa = PBXBuildFile; fileRef = 673FBED72185F639000CA6BD /* ZRBMyMessageViewController.m */; };
		673FBEDB2185F661000CA6BD /* ZRBAnalysisJSONModel.m in Sources */ = {isa = PBXBuildFile; fileRef = 673FBEDA2185F661000CA6BD /* ZRBAnalysisJSONModel.m */; };
		673FBEDE2185F6B6000CA6BD /* ZRBMainJSONModel.m in Sources */ = {isa = PBXBuildFile; fileRef = 673FBEDD2185F6B6000CA6BD /* ZRBMainJSONModel.m */; };
		673FBEE22185F74B000CA6BD /* ZRBNewsTableViewCell.m in Sources */ = {isa = PBXBuildFile; fileRef = 673FBEE12185F74B000CA6BD /* ZRBNewsTableViewCell.m */; };
		673FBEE62185F777000CA6BD /* ZRBMainWKWebView.m in Sources */ = {isa = PBXBuildFile; fileRef = 673FBEE52185F777000CA6BD /* ZRBMainWKWebView.m */; };
		673FBEE92185F7C5000CA6BD /* ZRBMainVIew.m in Sources */ = {isa = PBXBuildFile; fileRef = 673FBEE82185F7C5000CA6BD /* ZRBMainVIew.m */; };
		673FBEEF2185FAAB000CA6BD /* SecondaryMessageViewController.m in Sources */ = {isa = PBXBuildFile; fileRef = 673FBEEE2185FAAB000CA6BD /* SecondaryMessageViewController.m */; };
		673FBEF921860C0B000CA6BD /* ZRBMainViewController.m in Sources */ = {isa = PBXBuildFile; fileRef = 673FBEF821860C0B000CA6BD /* ZRBMainViewController.m */; };
		674418172186B2B80075BCD3 /* 122.jpg in Resources */ = {isa = PBXBuildFile; fileRef = 674418162186B2B80075BCD3 /* 122.jpg */; };
		674418192186B2C60075BCD3 /* 1.png in Resources */ = {isa = PBXBuildFile; fileRef = 674418182186B2C60075BCD3 /* 1.png */; };
		6755848E21A060CA00004DE3 /* ZRBContinerViewController.m in Sources */ = {isa = PBXBuildFile; fileRef = 6755848D21A060CA00004DE3 /* ZRBContinerViewController.m */; };
		6755FE8A218D09FB0033411D /* ZRBCellModel.m in Sources */ = {isa = PBXBuildFile; fileRef = 6755FE89218D09FB0033411D /* ZRBCellModel.m */; };
		67627A9521886073007886CD /* ZRBRequestJSONModel.m in Sources */ = {isa = PBXBuildFile; fileRef = 67627A9421886073007886CD /* ZRBRequestJSONModel.m */; };
		676550DF21A3FE070085F582 /* ZRBNewsAdditionalJSONModel.m in Sources */ = {isa = PBXBuildFile; fileRef = 676550DE21A3FE070085F582 /* ZRBNewsAdditionalJSONModel.m */; };
		67670FF221AABE75001E4C59 /* 10.jpg in Resources */ = {isa = PBXBuildFile; fileRef = 67670FF121AABE75001E4C59 /* 10.jpg */; };
		6777035721898EFD00C91537 /* ZRBDetailsTableViewHeaderFooterView.m in Sources */ = {isa = PBXBuildFile; fileRef = 6777035621898EFD00C91537 /* ZRBDetailsTableViewHeaderFooterView.m */; };
		678015B221A6AE370012281B /* ZRBCommentsTableViewCell.m in Sources */ = {isa = PBXBuildFile; fileRef = 678015B121A6AE370012281B /* ZRBCommentsTableViewCell.m */; };
/* End PBXBuildFile section */

/* Begin PBXContainerItemProxy section */
		673FBE7A2185E387000CA6BD /* PBXContainerItemProxy */ = {
			isa = PBXContainerItemProxy;
			containerPortal = 673FBE592185E387000CA6BD /* Project object */;
			proxyType = 1;
			remoteGlobalIDString = 673FBE602185E387000CA6BD;
			remoteInfo = NEWRIBAO;
		};
		673FBE852185E387000CA6BD /* PBXContainerItemProxy */ = {
			isa = PBXContainerItemProxy;
			containerPortal = 673FBE592185E387000CA6BD /* Project object */;
			proxyType = 1;
			remoteGlobalIDString = 673FBE602185E387000CA6BD;
			remoteInfo = NEWRIBAO;
		};
/* End PBXContainerItemProxy section */

/* Begin PBXFileReference section */
		0DCD996643A0C5AE81961D7E /* Pods-NEWRIBAO.debug.xcconfig */ = {isa = PBXFileReference; includeInIndex = 1; lastKnownFileType = text.xcconfig; name = "Pods-NEWRIBAO.debug.xcconfig"; path = "Target Support Files/Pods-NEWRIBAO/Pods-NEWRIBAO.debug.xcconfig"; sourceTree = "<group>"; };
		67186079218F336700F4EBCE /* ZRBLoadMoreView.h */ = {isa = PBXFileReference; lastKnownFileType = sourcecode.c.h; path = ZRBLoadMoreView.h; sourceTree = "<group>"; };
		6718607A218F336700F4EBCE /* ZRBLoadMoreView.m */ = {isa = PBXFileReference; lastKnownFileType = sourcecode.c.objc; path = ZRBLoadMoreView.m; sourceTree = "<group>"; };
		671C0CE921AA41C7003ACB81 /* 9.png */ = {isa = PBXFileReference; lastKnownFileType = image.png; name = 9.png; path = "../../../日报图片/9.png"; sourceTree = "<group>"; };
		671CDAD821A4463E0051A896 /* ZRBLongCommentsJSONModel.h */ = {isa = PBXFileReference; lastKnownFileType = sourcecode.c.h; path = ZRBLongCommentsJSONModel.h; sourceTree = "<group>"; };
		671CDAD921A4463E0051A896 /* ZRBLongCommentsJSONModel.m */ = {isa = PBXFileReference; lastKnownFileType = sourcecode.c.objc; path = ZRBLongCommentsJSONModel.m; sourceTree = "<group>"; };
		67200DE921A96927002ED436 /* ZRBCommentsTableViewHeaderView.h */ = {isa = PBXFileReference; lastKnownFileType = sourcecode.c.h; path = ZRBCommentsTableViewHeaderView.h; sourceTree = "<group>"; };
		67200DEA21A96927002ED436 /* ZRBCommentsTableViewHeaderView.m */ = {isa = PBXFileReference; lastKnownFileType = sourcecode.c.objc; path = ZRBCommentsTableViewHeaderView.m; sourceTree = "<group>"; };
		67200DEC21A97D55002ED436 /* ZRBShortCommentsJSONModel.h */ = {isa = PBXFileReference; lastKnownFileType = sourcecode.c.h; path = ZRBShortCommentsJSONModel.h; sourceTree = "<group>"; };
		67200DED21A97D55002ED436 /* ZRBShortCommentsJSONModel.m */ = {isa = PBXFileReference; lastKnownFileType = sourcecode.c.objc; path = ZRBShortCommentsJSONModel.m; sourceTree = "<group>"; };
		6721FB2E21A2DFF800A189FA /* ZRBTabBarView.h */ = {isa = PBXFileReference; lastKnownFileType = sourcecode.c.h; path = ZRBTabBarView.h; sourceTree = "<group>"; };
		6721FB2F21A2DFF800A189FA /* ZRBTabBarView.m */ = {isa = PBXFileReference; lastKnownFileType = sourcecode.c.objc; path = ZRBTabBarView.m; sourceTree = "<group>"; };
		6721FB3121A2E4BF00A189FA /* 7.png */ = {isa = PBXFileReference; lastKnownFileType = image.png; name = 7.png; path = "../../../日报图片/7.png"; sourceTree = "<group>"; };
		6721FB3221A2E4BF00A189FA /* 6.png */ = {isa = PBXFileReference; lastKnownFileType = image.png; name = 6.png; path = "../../../日报图片/6.png"; sourceTree = "<group>"; };
		6721FB3321A2E4BF00A189FA /* 4.png */ = {isa = PBXFileReference; lastKnownFileType = image.png; name = 4.png; path = "../../../日报图片/4.png"; sourceTree = "<group>"; };
		6721FB3421A2E4C000A189FA /* 3.png */ = {isa = PBXFileReference; lastKnownFileType = image.png; name = 3.png; path = "../../../日报图片/3.png"; sourceTree = "<group>"; };
		6721FB3521A2E4C000A189FA /* 5.png */ = {isa = PBXFileReference; lastKnownFileType = image.png; name = 5.png; path = "../../../日报图片/5.png"; sourceTree = "<group>"; };
		6721FB3C21A2ECC500A189FA /* ZRBCommentView.h */ = {isa = PBXFileReference; lastKnownFileType = sourcecode.c.h; path = ZRBCommentView.h; sourceTree = "<group>"; };
		6721FB3D21A2ECC500A189FA /* ZRBCommentView.m */ = {isa = PBXFileReference; lastKnownFileType = sourcecode.c.objc; path = ZRBCommentView.m; sourceTree = "<group>"; };
		6721FB3F21A2EFA300A189FA /* ZRBCommentViewController.h */ = {isa = PBXFileReference; lastKnownFileType = sourcecode.c.h; path = ZRBCommentViewController.h; sourceTree = "<group>"; };
		6721FB4021A2EFA300A189FA /* ZRBCommentViewController.m */ = {isa = PBXFileReference; lastKnownFileType = sourcecode.c.objc; path = ZRBCommentViewController.m; sourceTree = "<group>"; };
		6721FB8021A3014100A189FA /* ZRBCommentManager.h */ = {isa = PBXFileReference; lastKnownFileType = sourcecode.c.h; path = ZRBCommentManager.h; sourceTree = "<group>"; };
		6721FB8121A3014100A189FA /* ZRBCommentManager.m */ = {isa = PBXFileReference; lastKnownFileType = sourcecode.c.objc; path = ZRBCommentManager.m; sourceTree = "<group>"; };
		672887B921A7A37F00EF7656 /* 8.png */ = {isa = PBXFileReference; lastKnownFileType = image.png; name = 8.png; path = "../../../日报图片/8.png"; sourceTree = "<group>"; };
		672FEC0E21A185AF002C5B4C /* 2.png */ = {isa = PBXFileReference; lastKnownFileType = image.png; name = 2.png; path = "../../../日报图片/2.png"; sourceTree = "<group>"; };
		672FEC1021A1A33D002C5B4C /* ZRBClickNewsJSONModel.h */ = {isa = PBXFileReference; lastKnownFileType = sourcecode.c.h; path = ZRBClickNewsJSONModel.h; sourceTree = "<group>"; };
		672FEC1121A1A33D002C5B4C /* ZRBClickNewsJSONModel.m */ = {isa = PBXFileReference; lastKnownFileType = sourcecode.c.objc; path = ZRBClickNewsJSONModel.m; sourceTree = "<group>"; };
		6736950321918C1B00425A45 /* ZRBCoordinateMananger.h */ = {isa = PBXFileReference; lastKnownFileType = sourcecode.c.h; path = ZRBCoordinateMananger.h; sourceTree = "<group>"; };
		6736950421918C1B00425A45 /* ZRBCoordinateMananger.m */ = {isa = PBXFileReference; lastKnownFileType = sourcecode.c.objc; path = ZRBCoordinateMananger.m; sourceTree = "<group>"; };
		673695062191DF2400425A45 /* ZRBOnceUponDataJSONModel.h */ = {isa = PBXFileReference; lastKnownFileType = sourcecode.c.h; path = ZRBOnceUponDataJSONModel.h; sourceTree = "<group>"; };
		673695072191DF2400425A45 /* ZRBOnceUponDataJSONModel.m */ = {isa = PBXFileReference; lastKnownFileType = sourcecode.c.objc; path = ZRBOnceUponDataJSONModel.m; sourceTree = "<group>"; };
		673F78B9218745A60085F745 /* ZRBPushMainNavigationViewController.h */ = {isa = PBXFileReference; lastKnownFileType = sourcecode.c.h; path = ZRBPushMainNavigationViewController.h; sourceTree = "<group>"; };
		673F78BA218745A60085F745 /* ZRBPushMainNavigationViewController.m */ = {isa = PBXFileReference; lastKnownFileType = sourcecode.c.objc; path = ZRBPushMainNavigationViewController.m; sourceTree = "<group>"; };
		673FBE612185E387000CA6BD /* NEWRIBAO.app */ = {isa = PBXFileReference; explicitFileType = wrapper.application; includeInIndex = 0; path = NEWRIBAO.app; sourceTree = BUILT_PRODUCTS_DIR; };
		673FBE642185E387000CA6BD /* AppDelegate.h */ = {isa = PBXFileReference; lastKnownFileType = sourcecode.c.h; path = AppDelegate.h; sourceTree = "<group>"; };
		673FBE652185E387000CA6BD /* AppDelegate.m */ = {isa = PBXFileReference; lastKnownFileType = sourcecode.c.objc; path = AppDelegate.m; sourceTree = "<group>"; };
		673FBE672185E387000CA6BD /* ViewController.h */ = {isa = PBXFileReference; lastKnownFileType = sourcecode.c.h; path = ViewController.h; sourceTree = "<group>"; };
		673FBE682185E387000CA6BD /* ViewController.m */ = {isa = PBXFileReference; lastKnownFileType = sourcecode.c.objc; path = ViewController.m; sourceTree = "<group>"; };
		673FBE6B2185E387000CA6BD /* Base */ = {isa = PBXFileReference; lastKnownFileType = file.storyboard; name = Base; path = Base.lproj/Main.storyboard; sourceTree = "<group>"; };
		673FBE6D2185E387000CA6BD /* Assets.xcassets */ = {isa = PBXFileReference; lastKnownFileType = folder.assetcatalog; path = Assets.xcassets; sourceTree = "<group>"; };
		673FBE702185E387000CA6BD /* Base */ = {isa = PBXFileReference; lastKnownFileType = file.storyboard; name = Base; path = Base.lproj/LaunchScreen.storyboard; sourceTree = "<group>"; };
		673FBE722185E387000CA6BD /* Info.plist */ = {isa = PBXFileReference; lastKnownFileType = text.plist.xml; path = Info.plist; sourceTree = "<group>"; };
		673FBE732185E387000CA6BD /* main.m */ = {isa = PBXFileReference; lastKnownFileType = sourcecode.c.objc; path = main.m; sourceTree = "<group>"; };
		673FBE792185E387000CA6BD /* NEWRIBAOTests.xctest */ = {isa = PBXFileReference; explicitFileType = wrapper.cfbundle; includeInIndex = 0; path = NEWRIBAOTests.xctest; sourceTree = BUILT_PRODUCTS_DIR; };
		673FBE7D2185E387000CA6BD /* NEWRIBAOTests.m */ = {isa = PBXFileReference; lastKnownFileType = sourcecode.c.objc; path = NEWRIBAOTests.m; sourceTree = "<group>"; };
		673FBE7F2185E387000CA6BD /* Info.plist */ = {isa = PBXFileReference; lastKnownFileType = text.plist.xml; path = Info.plist; sourceTree = "<group>"; };
		673FBE842185E387000CA6BD /* NEWRIBAOUITests.xctest */ = {isa = PBXFileReference; explicitFileType = wrapper.cfbundle; includeInIndex = 0; path = NEWRIBAOUITests.xctest; sourceTree = BUILT_PRODUCTS_DIR; };
		673FBE882185E387000CA6BD /* NEWRIBAOUITests.m */ = {isa = PBXFileReference; lastKnownFileType = sourcecode.c.objc; path = NEWRIBAOUITests.m; sourceTree = "<group>"; };
		673FBE8A2185E387000CA6BD /* Info.plist */ = {isa = PBXFileReference; lastKnownFileType = text.plist.xml; path = Info.plist; sourceTree = "<group>"; };
		673FBED02185F568000CA6BD /* ZRBMessageTableViewCell.h */ = {isa = PBXFileReference; lastKnownFileType = sourcecode.c.h; path = ZRBMessageTableViewCell.h; sourceTree = "<group>"; };
		673FBED12185F568000CA6BD /* ZRBMessageTableViewCell.m */ = {isa = PBXFileReference; lastKnownFileType = sourcecode.c.objc; path = ZRBMessageTableViewCell.m; sourceTree = "<group>"; };
		673FBED32185F5C6000CA6BD /* ZRBMessageVView.h */ = {isa = PBXFileReference; lastKnownFileType = sourcecode.c.h; path = ZRBMessageVView.h; sourceTree = "<group>"; };
		673FBED42185F5C6000CA6BD /* ZRBMessageVView.m */ = {isa = PBXFileReference; lastKnownFileType = sourcecode.c.objc; path = ZRBMessageVView.m; sourceTree = "<group>"; };
		673FBED62185F639000CA6BD /* ZRBMyMessageViewController.h */ = {isa = PBXFileReference; lastKnownFileType = sourcecode.c.h; path = ZRBMyMessageViewController.h; sourceTree = "<group>"; };
		673FBED72185F639000CA6BD /* ZRBMyMessageViewController.m */ = {isa = PBXFileReference; lastKnownFileType = sourcecode.c.objc; path = ZRBMyMessageViewController.m; sourceTree = "<group>"; };
		673FBED92185F661000CA6BD /* ZRBAnalysisJSONModel.h */ = {isa = PBXFileReference; lastKnownFileType = sourcecode.c.h; path = ZRBAnalysisJSONModel.h; sourceTree = "<group>"; };
		673FBEDA2185F661000CA6BD /* ZRBAnalysisJSONModel.m */ = {isa = PBXFileReference; lastKnownFileType = sourcecode.c.objc; path = ZRBAnalysisJSONModel.m; sourceTree = "<group>"; };
		673FBEDC2185F6B6000CA6BD /* ZRBMainJSONModel.h */ = {isa = PBXFileReference; lastKnownFileType = sourcecode.c.h; path = ZRBMainJSONModel.h; sourceTree = "<group>"; };
		673FBEDD2185F6B6000CA6BD /* ZRBMainJSONModel.m */ = {isa = PBXFileReference; lastKnownFileType = sourcecode.c.objc; path = ZRBMainJSONModel.m; sourceTree = "<group>"; };
		673FBEE02185F74B000CA6BD /* ZRBNewsTableViewCell.h */ = {isa = PBXFileReference; lastKnownFileType = sourcecode.c.h; path = ZRBNewsTableViewCell.h; sourceTree = "<group>"; };
		673FBEE12185F74B000CA6BD /* ZRBNewsTableViewCell.m */ = {isa = PBXFileReference; lastKnownFileType = sourcecode.c.objc; path = ZRBNewsTableViewCell.m; sourceTree = "<group>"; };
		673FBEE42185F777000CA6BD /* ZRBMainWKWebView.h */ = {isa = PBXFileReference; lastKnownFileType = sourcecode.c.h; path = ZRBMainWKWebView.h; sourceTree = "<group>"; };
		673FBEE52185F777000CA6BD /* ZRBMainWKWebView.m */ = {isa = PBXFileReference; lastKnownFileType = sourcecode.c.objc; path = ZRBMainWKWebView.m; sourceTree = "<group>"; };
		673FBEE72185F7C5000CA6BD /* ZRBMainVIew.h */ = {isa = PBXFileReference; lastKnownFileType = sourcecode.c.h; path = ZRBMainVIew.h; sourceTree = "<group>"; };
		673FBEE82185F7C5000CA6BD /* ZRBMainVIew.m */ = {isa = PBXFileReference; lastKnownFileType = sourcecode.c.objc; path = ZRBMainVIew.m; sourceTree = "<group>"; };
		673FBEED2185FAAB000CA6BD /* SecondaryMessageViewController.h */ = {isa = PBXFileReference; lastKnownFileType = sourcecode.c.h; path = SecondaryMessageViewController.h; sourceTree = "<group>"; };
		673FBEEE2185FAAB000CA6BD /* SecondaryMessageViewController.m */ = {isa = PBXFileReference; lastKnownFileType = sourcecode.c.objc; path = SecondaryMessageViewController.m; sourceTree = "<group>"; };
		673FBEF721860C0B000CA6BD /* ZRBMainViewController.h */ = {isa = PBXFileReference; lastKnownFileType = sourcecode.c.h; path = ZRBMainViewController.h; sourceTree = "<group>"; };
		673FBEF821860C0B000CA6BD /* ZRBMainViewController.m */ = {isa = PBXFileReference; lastKnownFileType = sourcecode.c.objc; path = ZRBMainViewController.m; sourceTree = "<group>"; };
		674418162186B2B80075BCD3 /* 122.jpg */ = {isa = PBXFileReference; lastKnownFileType = image.jpeg; name = 122.jpg; path = ../../../122.jpg; sourceTree = "<group>"; };
		674418182186B2C60075BCD3 /* 1.png */ = {isa = PBXFileReference; lastKnownFileType = image.png; name = 1.png; path = "../../../日报图片/1.png"; sourceTree = "<group>"; };
		6755848C21A060CA00004DE3 /* ZRBContinerViewController.h */ = {isa = PBXFileReference; lastKnownFileType = sourcecode.c.h; path = ZRBContinerViewController.h; sourceTree = "<group>"; };
		6755848D21A060CA00004DE3 /* ZRBContinerViewController.m */ = {isa = PBXFileReference; lastKnownFileType = sourcecode.c.objc; path = ZRBContinerViewController.m; sourceTree = "<group>"; };
		6755FE88218D09FB0033411D /* ZRBCellModel.h */ = {isa = PBXFileReference; lastKnownFileType = sourcecode.c.h; path = ZRBCellModel.h; sourceTree = "<group>"; };
		6755FE89218D09FB0033411D /* ZRBCellModel.m */ = {isa = PBXFileReference; lastKnownFileType = sourcecode.c.objc; path = ZRBCellModel.m; sourceTree = "<group>"; };
		67627A9321886073007886CD /* ZRBRequestJSONModel.h */ = {isa = PBXFileReference; lastKnownFileType = sourcecode.c.h; path = ZRBRequestJSONModel.h; sourceTree = "<group>"; };
		67627A9421886073007886CD /* ZRBRequestJSONModel.m */ = {isa = PBXFileReference; lastKnownFileType = sourcecode.c.objc; path = ZRBRequestJSONModel.m; sourceTree = "<group>"; };
		676550DD21A3FE070085F582 /* ZRBNewsAdditionalJSONModel.h */ = {isa = PBXFileReference; lastKnownFileType = sourcecode.c.h; path = ZRBNewsAdditionalJSONModel.h; sourceTree = "<group>"; };
		676550DE21A3FE070085F582 /* ZRBNewsAdditionalJSONModel.m */ = {isa = PBXFileReference; lastKnownFileType = sourcecode.c.objc; path = ZRBNewsAdditionalJSONModel.m; sourceTree = "<group>"; };
		67670FF121AABE75001E4C59 /* 10.jpg */ = {isa = PBXFileReference; lastKnownFileType = image.jpeg; name = 10.jpg; path = "../../../日报图片/10.jpg"; sourceTree = "<group>"; };
		6777035521898EFD00C91537 /* ZRBDetailsTableViewHeaderFooterView.h */ = {isa = PBXFileReference; lastKnownFileType = sourcecode.c.h; path = ZRBDetailsTableViewHeaderFooterView.h; sourceTree = "<group>"; };
		6777035621898EFD00C91537 /* ZRBDetailsTableViewHeaderFooterView.m */ = {isa = PBXFileReference; lastKnownFileType = sourcecode.c.objc; path = ZRBDetailsTableViewHeaderFooterView.m; sourceTree = "<group>"; };
		678015B021A6AE370012281B /* ZRBCommentsTableViewCell.h */ = {isa = PBXFileReference; lastKnownFileType = sourcecode.c.h; path = ZRBCommentsTableViewCell.h; sourceTree = "<group>"; };
		678015B121A6AE370012281B /* ZRBCommentsTableViewCell.m */ = {isa = PBXFileReference; lastKnownFileType = sourcecode.c.objc; path = ZRBCommentsTableViewCell.m; sourceTree = "<group>"; };
		7AE6F0FB462B09A7B3D74B4E /* Pods-NEWRIBAO.release.xcconfig */ = {isa = PBXFileReference; includeInIndex = 1; lastKnownFileType = text.xcconfig; name = "Pods-NEWRIBAO.release.xcconfig"; path = "Target Support Files/Pods-NEWRIBAO/Pods-NEWRIBAO.release.xcconfig"; sourceTree = "<group>"; };
		7C75D44218C3E0831B38869C /* libPods-NEWRIBAO.a */ = {isa = PBXFileReference; explicitFileType = archive.ar; includeInIndex = 0; path = "libPods-NEWRIBAO.a"; sourceTree = BUILT_PRODUCTS_DIR; };
/* End PBXFileReference section */

/* Begin PBXFrameworksBuildPhase section */
		673FBE5E2185E387000CA6BD /* Frameworks */ = {
			isa = PBXFrameworksBuildPhase;
			buildActionMask = 2147483647;
			files = (
				09F23F6C62672E9527CFB4B8 /* libPods-NEWRIBAO.a in Frameworks */,
			);
			runOnlyForDeploymentPostprocessing = 0;
		};
		673FBE762185E387000CA6BD /* Frameworks */ = {
			isa = PBXFrameworksBuildPhase;
			buildActionMask = 2147483647;
			files = (
			);
			runOnlyForDeploymentPostprocessing = 0;
		};
		673FBE812185E387000CA6BD /* Frameworks */ = {
			isa = PBXFrameworksBuildPhase;
			buildActionMask = 2147483647;
			files = (
			);
			runOnlyForDeploymentPostprocessing = 0;
		};
/* End PBXFrameworksBuildPhase section */

/* Begin PBXGroup section */
		67186078218F333600F4EBCE /* ZRBLoadMoreUIView */ = {
			isa = PBXGroup;
			children = (
				67186079218F336700F4EBCE /* ZRBLoadMoreView.h */,
				6718607A218F336700F4EBCE /* ZRBLoadMoreView.m */,
			);
			path = ZRBLoadMoreUIView;
			sourceTree = "<group>";
		};
		67200DE821A968F5002ED436 /* CommentsTableViewHeaderVIew */ = {
			isa = PBXGroup;
			children = (
				67200DE921A96927002ED436 /* ZRBCommentsTableViewHeaderView.h */,
				67200DEA21A96927002ED436 /* ZRBCommentsTableViewHeaderView.m */,
			);
			path = CommentsTableViewHeaderVIew;
			sourceTree = "<group>";
		};
		6721FB3B21A2ECB100A189FA /* CommentView */ = {
			isa = PBXGroup;
			children = (
				6721FB3C21A2ECC500A189FA /* ZRBCommentView.h */,
				6721FB3D21A2ECC500A189FA /* ZRBCommentView.m */,
			);
			path = CommentView;
			sourceTree = "<group>";
		};
		673F78B82187452D0085F745 /* ZRBNavigationViewController */ = {
			isa = PBXGroup;
			children = (
				673F78B9218745A60085F745 /* ZRBPushMainNavigationViewController.h */,
				673F78BA218745A60085F745 /* ZRBPushMainNavigationViewController.m */,
			);
			path = ZRBNavigationViewController;
			sourceTree = "<group>";
		};
		673FBE582185E387000CA6BD = {
			isa = PBXGroup;
			children = (
				673FBE632185E387000CA6BD /* NEWRIBAO */,
				673FBE7C2185E387000CA6BD /* NEWRIBAOTests */,
				673FBE872185E387000CA6BD /* NEWRIBAOUITests */,
				673FBE622185E387000CA6BD /* Products */,
				B6A52365FEBC1F5AC7C0F823 /* Pods */,
				B120F3DC320C5F1F208F2B46 /* Frameworks */,
			);
			sourceTree = "<group>";
		};
		673FBE622185E387000CA6BD /* Products */ = {
			isa = PBXGroup;
			children = (
				673FBE612185E387000CA6BD /* NEWRIBAO.app */,
				673FBE792185E387000CA6BD /* NEWRIBAOTests.xctest */,
				673FBE842185E387000CA6BD /* NEWRIBAOUITests.xctest */,
			);
			name = Products;
			sourceTree = "<group>";
		};
		673FBE632185E387000CA6BD /* NEWRIBAO */ = {
			isa = PBXGroup;
			children = (
				67627A9621888AC6007886CD /* Manager */,
				674418152186B29B0075BCD3 /* Image */,
				673FBE9C2185E5E7000CA6BD /* ZRBNewsMessageView */,
				673FBE992185E5AF000CA6BD /* ZRBMyMessageView */,
				673FBE962185E529000CA6BD /* ZRBMainView */,
				673FBE642185E387000CA6BD /* AppDelegate.h */,
				673FBE652185E387000CA6BD /* AppDelegate.m */,
				6755848B21A05D1000004DE3 /* ControllerContainsManager */,
				673FBE672185E387000CA6BD /* ViewController.h */,
				673FBE682185E387000CA6BD /* ViewController.m */,
				673FBE6A2185E387000CA6BD /* Main.storyboard */,
				673FBE6D2185E387000CA6BD /* Assets.xcassets */,
				673FBE6F2185E387000CA6BD /* LaunchScreen.storyboard */,
				673FBE722185E387000CA6BD /* Info.plist */,
				673FBE732185E387000CA6BD /* main.m */,
			);
			path = NEWRIBAO;
			sourceTree = "<group>";
		};
		673FBE7C2185E387000CA6BD /* NEWRIBAOTests */ = {
			isa = PBXGroup;
			children = (
				673FBE7D2185E387000CA6BD /* NEWRIBAOTests.m */,
				673FBE7F2185E387000CA6BD /* Info.plist */,
			);
			path = NEWRIBAOTests;
			sourceTree = "<group>";
		};
		673FBE872185E387000CA6BD /* NEWRIBAOUITests */ = {
			isa = PBXGroup;
			children = (
				673FBE882185E387000CA6BD /* NEWRIBAOUITests.m */,
				673FBE8A2185E387000CA6BD /* Info.plist */,
			);
			path = NEWRIBAOUITests;
			sourceTree = "<group>";
		};
		673FBE962185E529000CA6BD /* ZRBMainView */ = {
			isa = PBXGroup;
			children = (
				6755FE87218D09360033411D /* UITableViewManage */,
				673FBECF2185F532000CA6BD /* Model */,
				673FBE982185E58F000CA6BD /* Views */,
				673FBE972185E582000CA6BD /* Controllers */,
			);
			path = ZRBMainView;
			sourceTree = "<group>";
		};
		673FBE972185E582000CA6BD /* Controllers */ = {
			isa = PBXGroup;
			children = (
				673FBEF721860C0B000CA6BD /* ZRBMainViewController.h */,
				673FBEF821860C0B000CA6BD /* ZRBMainViewController.m */,
			);
			path = Controllers;
			sourceTree = "<group>";
		};
		673FBE982185E58F000CA6BD /* Views */ = {
			isa = PBXGroup;
			children = (
				67186078218F333600F4EBCE /* ZRBLoadMoreUIView */,
				677703582189E53E00C91537 /* ZRBUICollectionReusableView */,
				6777035421898EB900C91537 /* ZRBDetailsTableViewHeaderFooterView */,
				673F78B82187452D0085F745 /* ZRBNavigationViewController */,
				673FBEE32185F759000CA6BD /* ZRBMainWKWebView */,
				673FBEDF2185F720000CA6BD /* ZRBNewsTableViewCell */,
				673FBEE72185F7C5000CA6BD /* ZRBMainVIew.h */,
				673FBEE82185F7C5000CA6BD /* ZRBMainVIew.m */,
			);
			path = Views;
			sourceTree = "<group>";
		};
		673FBE992185E5AF000CA6BD /* ZRBMyMessageView */ = {
			isa = PBXGroup;
			children = (
				673FBE9B2185E5D8000CA6BD /* Views */,
				673FBE9A2185E5CE000CA6BD /* Controllers */,
			);
			path = ZRBMyMessageView;
			sourceTree = "<group>";
		};
		673FBE9A2185E5CE000CA6BD /* Controllers */ = {
			isa = PBXGroup;
			children = (
				673FBED62185F639000CA6BD /* ZRBMyMessageViewController.h */,
				673FBED72185F639000CA6BD /* ZRBMyMessageViewController.m */,
			);
			path = Controllers;
			sourceTree = "<group>";
		};
		673FBE9B2185E5D8000CA6BD /* Views */ = {
			isa = PBXGroup;
			children = (
				673FBECE2185F519000CA6BD /* MyMessageTableView */,
				673FBECD2185F504000CA6BD /* MyMessageTableVIewCells */,
				673FBED32185F5C6000CA6BD /* ZRBMessageVView.h */,
				673FBED42185F5C6000CA6BD /* ZRBMessageVView.m */,
			);
			path = Views;
			sourceTree = "<group>";
		};
		673FBE9C2185E5E7000CA6BD /* ZRBNewsMessageView */ = {
			isa = PBXGroup;
			children = (
				673FBEEC2185FA9D000CA6BD /* Model */,
				673FBEEB2185FA96000CA6BD /* Controllers */,
				673FBEEA2185FA90000CA6BD /* Views */,
			);
			path = ZRBNewsMessageView;
			sourceTree = "<group>";
		};
		673FBECD2185F504000CA6BD /* MyMessageTableVIewCells */ = {
			isa = PBXGroup;
			children = (
				673FBED02185F568000CA6BD /* ZRBMessageTableViewCell.h */,
				673FBED12185F568000CA6BD /* ZRBMessageTableViewCell.m */,
			);
			path = MyMessageTableVIewCells;
			sourceTree = "<group>";
		};
		673FBECE2185F519000CA6BD /* MyMessageTableView */ = {
			isa = PBXGroup;
			children = (
			);
			path = MyMessageTableView;
			sourceTree = "<group>";
		};
		673FBECF2185F532000CA6BD /* Model */ = {
			isa = PBXGroup;
			children = (
				673FBEDA2185F661000CA6BD /* ZRBAnalysisJSONModel.m */,
				673FBED92185F661000CA6BD /* ZRBAnalysisJSONModel.h */,
				673FBEDC2185F6B6000CA6BD /* ZRBMainJSONModel.h */,
				673FBEDD2185F6B6000CA6BD /* ZRBMainJSONModel.m */,
				673695062191DF2400425A45 /* ZRBOnceUponDataJSONModel.h */,
				673695072191DF2400425A45 /* ZRBOnceUponDataJSONModel.m */,
				672FEC1021A1A33D002C5B4C /* ZRBClickNewsJSONModel.h */,
				672FEC1121A1A33D002C5B4C /* ZRBClickNewsJSONModel.m */,
			);
			path = Model;
			sourceTree = "<group>";
		};
		673FBEDF2185F720000CA6BD /* ZRBNewsTableViewCell */ = {
			isa = PBXGroup;
			children = (
				673FBEE02185F74B000CA6BD /* ZRBNewsTableViewCell.h */,
				673FBEE12185F74B000CA6BD /* ZRBNewsTableViewCell.m */,
			);
			path = ZRBNewsTableViewCell;
			sourceTree = "<group>";
		};
		673FBEE32185F759000CA6BD /* ZRBMainWKWebView */ = {
			isa = PBXGroup;
			children = (
				673FBEE42185F777000CA6BD /* ZRBMainWKWebView.h */,
				673FBEE52185F777000CA6BD /* ZRBMainWKWebView.m */,
			);
			path = ZRBMainWKWebView;
			sourceTree = "<group>";
		};
		673FBEEA2185FA90000CA6BD /* Views */ = {
			isa = PBXGroup;
			children = (
				67200DE821A968F5002ED436 /* CommentsTableViewHeaderVIew */,
				6721FB3B21A2ECB100A189FA /* CommentView */,
				673FBEF02185FB67000CA6BD /* TableVIewCells */,
				6721FB2E21A2DFF800A189FA /* ZRBTabBarView.h */,
				6721FB2F21A2DFF800A189FA /* ZRBTabBarView.m */,
			);
			path = Views;
			sourceTree = "<group>";
		};
		673FBEEB2185FA96000CA6BD /* Controllers */ = {
			isa = PBXGroup;
			children = (
				673FBEED2185FAAB000CA6BD /* SecondaryMessageViewController.h */,
				673FBEEE2185FAAB000CA6BD /* SecondaryMessageViewController.m */,
				6721FB3F21A2EFA300A189FA /* ZRBCommentViewController.h */,
				6721FB4021A2EFA300A189FA /* ZRBCommentViewController.m */,
			);
			path = Controllers;
			sourceTree = "<group>";
		};
		673FBEEC2185FA9D000CA6BD /* Model */ = {
			isa = PBXGroup;
			children = (
				67627A9321886073007886CD /* ZRBRequestJSONModel.h */,
				67627A9421886073007886CD /* ZRBRequestJSONModel.m */,
				676550DD21A3FE070085F582 /* ZRBNewsAdditionalJSONModel.h */,
				676550DE21A3FE070085F582 /* ZRBNewsAdditionalJSONModel.m */,
				671CDAD821A4463E0051A896 /* ZRBLongCommentsJSONModel.h */,
				671CDAD921A4463E0051A896 /* ZRBLongCommentsJSONModel.m */,
				67200DEC21A97D55002ED436 /* ZRBShortCommentsJSONModel.h */,
				67200DED21A97D55002ED436 /* ZRBShortCommentsJSONModel.m */,
			);
			path = Model;
			sourceTree = "<group>";
		};
		673FBEF02185FB67000CA6BD /* TableVIewCells */ = {
			isa = PBXGroup;
			children = (
				678015B021A6AE370012281B /* ZRBCommentsTableViewCell.h */,
				678015B121A6AE370012281B /* ZRBCommentsTableViewCell.m */,
			);
			path = TableVIewCells;
			sourceTree = "<group>";
		};
		674418152186B29B0075BCD3 /* Image */ = {
			isa = PBXGroup;
			children = (
				67670FF121AABE75001E4C59 /* 10.jpg */,
				671C0CE921AA41C7003ACB81 /* 9.png */,
				672887B921A7A37F00EF7656 /* 8.png */,
				6721FB3421A2E4C000A189FA /* 3.png */,
				6721FB3321A2E4BF00A189FA /* 4.png */,
				6721FB3521A2E4C000A189FA /* 5.png */,
				6721FB3221A2E4BF00A189FA /* 6.png */,
				6721FB3121A2E4BF00A189FA /* 7.png */,
				672FEC0E21A185AF002C5B4C /* 2.png */,
				674418182186B2C60075BCD3 /* 1.png */,
				674418162186B2B80075BCD3 /* 122.jpg */,
			);
			path = Image;
			sourceTree = "<group>";
		};
		6755848B21A05D1000004DE3 /* ControllerContainsManager */ = {
			isa = PBXGroup;
			children = (
				6755848C21A060CA00004DE3 /* ZRBContinerViewController.h */,
				6755848D21A060CA00004DE3 /* ZRBContinerViewController.m */,
			);
			path = ControllerContainsManager;
			sourceTree = "<group>";
		};
		6755FE87218D09360033411D /* UITableViewManage */ = {
			isa = PBXGroup;
			children = (
				6755FE88218D09FB0033411D /* ZRBCellModel.h */,
				6755FE89218D09FB0033411D /* ZRBCellModel.m */,
			);
			path = UITableViewManage;
			sourceTree = "<group>";
		};
		67627A9621888AC6007886CD /* Manager */ = {
			isa = PBXGroup;
			children = (
				6736950321918C1B00425A45 /* ZRBCoordinateMananger.h */,
				6736950421918C1B00425A45 /* ZRBCoordinateMananger.m */,
				6721FB8021A3014100A189FA /* ZRBCommentManager.h */,
				6721FB8121A3014100A189FA /* ZRBCommentManager.m */,
			);
			path = Manager;
			sourceTree = "<group>";
		};
		6777035421898EB900C91537 /* ZRBDetailsTableViewHeaderFooterView */ = {
			isa = PBXGroup;
			children = (
				6777035521898EFD00C91537 /* ZRBDetailsTableViewHeaderFooterView.h */,
				6777035621898EFD00C91537 /* ZRBDetailsTableViewHeaderFooterView.m */,
			);
			path = ZRBDetailsTableViewHeaderFooterView;
			sourceTree = "<group>";
		};
		677703582189E53E00C91537 /* ZRBUICollectionReusableView */ = {
			isa = PBXGroup;
			children = (
			);
			path = ZRBUICollectionReusableView;
			sourceTree = "<group>";
		};
		B120F3DC320C5F1F208F2B46 /* Frameworks */ = {
			isa = PBXGroup;
			children = (
				7C75D44218C3E0831B38869C /* libPods-NEWRIBAO.a */,
			);
			name = Frameworks;
			sourceTree = "<group>";
		};
		B6A52365FEBC1F5AC7C0F823 /* Pods */ = {
			isa = PBXGroup;
			children = (
				0DCD996643A0C5AE81961D7E /* Pods-NEWRIBAO.debug.xcconfig */,
				7AE6F0FB462B09A7B3D74B4E /* Pods-NEWRIBAO.release.xcconfig */,
			);
			path = Pods;
			sourceTree = "<group>";
		};
/* End PBXGroup section */

/* Begin PBXNativeTarget section */
		673FBE602185E387000CA6BD /* NEWRIBAO */ = {
			isa = PBXNativeTarget;
			buildConfigurationList = 673FBE8D2185E387000CA6BD /* Build configuration list for PBXNativeTarget "NEWRIBAO" */;
			buildPhases = (
				E4F16BCA2348FDD0FC261658 /* [CP] Check Pods Manifest.lock */,
				673FBE5D2185E387000CA6BD /* Sources */,
				673FBE5E2185E387000CA6BD /* Frameworks */,
				673FBE5F2185E387000CA6BD /* Resources */,
			);
			buildRules = (
			);
			dependencies = (
			);
			name = NEWRIBAO;
			productName = NEWRIBAO;
			productReference = 673FBE612185E387000CA6BD /* NEWRIBAO.app */;
			productType = "com.apple.product-type.application";
		};
		673FBE782185E387000CA6BD /* NEWRIBAOTests */ = {
			isa = PBXNativeTarget;
			buildConfigurationList = 673FBE902185E387000CA6BD /* Build configuration list for PBXNativeTarget "NEWRIBAOTests" */;
			buildPhases = (
				673FBE752185E387000CA6BD /* Sources */,
				673FBE762185E387000CA6BD /* Frameworks */,
				673FBE772185E387000CA6BD /* Resources */,
			);
			buildRules = (
			);
			dependencies = (
				673FBE7B2185E387000CA6BD /* PBXTargetDependency */,
			);
			name = NEWRIBAOTests;
			productName = NEWRIBAOTests;
			productReference = 673FBE792185E387000CA6BD /* NEWRIBAOTests.xctest */;
			productType = "com.apple.product-type.bundle.unit-test";
		};
		673FBE832185E387000CA6BD /* NEWRIBAOUITests */ = {
			isa = PBXNativeTarget;
			buildConfigurationList = 673FBE932185E387000CA6BD /* Build configuration list for PBXNativeTarget "NEWRIBAOUITests" */;
			buildPhases = (
				673FBE802185E387000CA6BD /* Sources */,
				673FBE812185E387000CA6BD /* Frameworks */,
				673FBE822185E387000CA6BD /* Resources */,
			);
			buildRules = (
			);
			dependencies = (
				673FBE862185E387000CA6BD /* PBXTargetDependency */,
			);
			name = NEWRIBAOUITests;
			productName = NEWRIBAOUITests;
			productReference = 673FBE842185E387000CA6BD /* NEWRIBAOUITests.xctest */;
			productType = "com.apple.product-type.bundle.ui-testing";
		};
/* End PBXNativeTarget section */

/* Begin PBXProject section */
		673FBE592185E387000CA6BD /* Project object */ = {
			isa = PBXProject;
			attributes = {
				LastUpgradeCheck = 0900;
				ORGANIZATIONNAME = "萨缪";
				TargetAttributes = {
					673FBE602185E387000CA6BD = {
						CreatedOnToolsVersion = 9.0;
						ProvisioningStyle = Automatic;
					};
					673FBE782185E387000CA6BD = {
						CreatedOnToolsVersion = 9.0;
						ProvisioningStyle = Automatic;
						TestTargetID = 673FBE602185E387000CA6BD;
					};
					673FBE832185E387000CA6BD = {
						CreatedOnToolsVersion = 9.0;
						ProvisioningStyle = Automatic;
						TestTargetID = 673FBE602185E387000CA6BD;
					};
				};
			};
			buildConfigurationList = 673FBE5C2185E387000CA6BD /* Build configuration list for PBXProject "NEWRIBAO" */;
			compatibilityVersion = "Xcode 8.0";
			developmentRegion = en;
			hasScannedForEncodings = 0;
			knownRegions = (
				en,
				Base,
			);
			mainGroup = 673FBE582185E387000CA6BD;
			productRefGroup = 673FBE622185E387000CA6BD /* Products */;
			projectDirPath = "";
			projectRoot = "";
			targets = (
				673FBE602185E387000CA6BD /* NEWRIBAO */,
				673FBE782185E387000CA6BD /* NEWRIBAOTests */,
				673FBE832185E387000CA6BD /* NEWRIBAOUITests */,
			);
		};
/* End PBXProject section */

/* Begin PBXResourcesBuildPhase section */
		673FBE5F2185E387000CA6BD /* Resources */ = {
			isa = PBXResourcesBuildPhase;
			buildActionMask = 2147483647;
			files = (
				672887BA21A7A37F00EF7656 /* 8.png in Resources */,
				6721FB3A21A2E4C000A189FA /* 5.png in Resources */,
				6721FB3821A2E4C000A189FA /* 4.png in Resources */,
				672FEC0F21A185B0002C5B4C /* 2.png in Resources */,
				671C0CEA21AA41C7003ACB81 /* 9.png in Resources */,
				673FBE712185E387000CA6BD /* LaunchScreen.storyboard in Resources */,
				673FBE6E2185E387000CA6BD /* Assets.xcassets in Resources */,
				6721FB3621A2E4C000A189FA /* 7.png in Resources */,
				67670FF221AABE75001E4C59 /* 10.jpg in Resources */,
				6721FB3921A2E4C000A189FA /* 3.png in Resources */,
				673FBE6C2185E387000CA6BD /* Main.storyboard in Resources */,
				674418172186B2B80075BCD3 /* 122.jpg in Resources */,
				6721FB3721A2E4C000A189FA /* 6.png in Resources */,
				674418192186B2C60075BCD3 /* 1.png in Resources */,
			);
			runOnlyForDeploymentPostprocessing = 0;
		};
		673FBE772185E387000CA6BD /* Resources */ = {
			isa = PBXResourcesBuildPhase;
			buildActionMask = 2147483647;
			files = (
			);
			runOnlyForDeploymentPostprocessing = 0;
		};
		673FBE822185E387000CA6BD /* Resources */ = {
			isa = PBXResourcesBuildPhase;
			buildActionMask = 2147483647;
			files = (
			);
			runOnlyForDeploymentPostprocessing = 0;
		};
/* End PBXResourcesBuildPhase section */

/* Begin PBXShellScriptBuildPhase section */
		E4F16BCA2348FDD0FC261658 /* [CP] Check Pods Manifest.lock */ = {
			isa = PBXShellScriptBuildPhase;
			buildActionMask = 2147483647;
			files = (
			);
			inputPaths = (
				"${PODS_PODFILE_DIR_PATH}/Podfile.lock",
				"${PODS_ROOT}/Manifest.lock",
			);
			name = "[CP] Check Pods Manifest.lock";
			outputPaths = (
				"$(DERIVED_FILE_DIR)/Pods-NEWRIBAO-checkManifestLockResult.txt",
			);
			runOnlyForDeploymentPostprocessing = 0;
			shellPath = /bin/sh;
			shellScript = "diff \"${PODS_PODFILE_DIR_PATH}/Podfile.lock\" \"${PODS_ROOT}/Manifest.lock\" > /dev/null\nif [ $? != 0 ] ; then\n    # print error to STDERR\n    echo \"error: The sandbox is not in sync with the Podfile.lock. Run 'pod install' or update your CocoaPods installation.\" >&2\n    exit 1\nfi\n# This output is used by Xcode 'outputs' to avoid re-running this script phase.\necho \"SUCCESS\" > \"${SCRIPT_OUTPUT_FILE_0}\"\n";
			showEnvVarsInLog = 0;
		};
/* End PBXShellScriptBuildPhase section */

/* Begin PBXSourcesBuildPhase section */
		673FBE5D2185E387000CA6BD /* Sources */ = {
			isa = PBXSourcesBuildPhase;
			buildActionMask = 2147483647;
			files = (
				673FBE692185E387000CA6BD /* ViewController.m in Sources */,
				6721FB3021A2DFF800A189FA /* ZRBTabBarView.m in Sources */,
				673FBEF921860C0B000CA6BD /* ZRBMainViewController.m in Sources */,
				6721FB4121A2EFA300A189FA /* ZRBCommentViewController.m in Sources */,
				67200DEB21A96927002ED436 /* ZRBCommentsTableViewHeaderView.m in Sources */,
				673FBE742185E387000CA6BD /* main.m in Sources */,
				6755FE8A218D09FB0033411D /* ZRBCellModel.m in Sources */,
				673FBEEF2185FAAB000CA6BD /* SecondaryMessageViewController.m in Sources */,
				673FBED22185F568000CA6BD /* ZRBMessageTableViewCell.m in Sources */,
				676550DF21A3FE070085F582 /* ZRBNewsAdditionalJSONModel.m in Sources */,
				6721FB8221A3014100A189FA /* ZRBCommentManager.m in Sources */,
				678015B221A6AE370012281B /* ZRBCommentsTableViewCell.m in Sources */,
				673FBEDE2185F6B6000CA6BD /* ZRBMainJSONModel.m in Sources */,
				673695082191DF2400425A45 /* ZRBOnceUponDataJSONModel.m in Sources */,
				673FBED52185F5C6000CA6BD /* ZRBMessageVView.m in Sources */,
				673FBEE22185F74B000CA6BD /* ZRBNewsTableViewCell.m in Sources */,
				672FEC1221A1A33D002C5B4C /* ZRBClickNewsJSONModel.m in Sources */,
				6718607B218F336700F4EBCE /* ZRBLoadMoreView.m in Sources */,
				671CDADA21A4463E0051A896 /* ZRBLongCommentsJSONModel.m in Sources */,
				6736950521918C1B00425A45 /* ZRBCoordinateMananger.m in Sources */,
				673F78BB218745A60085F745 /* ZRBPushMainNavigationViewController.m in Sources */,
				673FBE662185E387000CA6BD /* AppDelegate.m in Sources */,
				673FBEE62185F777000CA6BD /* ZRBMainWKWebView.m in Sources */,
				67200DEE21A97D55002ED436 /* ZRBShortCommentsJSONModel.m in Sources */,
				673FBED82185F639000CA6BD /* ZRBMyMessageViewController.m in Sources */,
				673FBEDB2185F661000CA6BD /* ZRBAnalysisJSONModel.m in Sources */,
				673FBEE92185F7C5000CA6BD /* ZRBMainVIew.m in Sources */,
				67627A9521886073007886CD /* ZRBRequestJSONModel.m in Sources */,
				6755848E21A060CA00004DE3 /* ZRBContinerViewController.m in Sources */,
				6777035721898EFD00C91537 /* ZRBDetailsTableViewHeaderFooterView.m in Sources */,
				6721FB3E21A2ECC500A189FA /* ZRBCommentView.m in Sources */,
			);
			runOnlyForDeploymentPostprocessing = 0;
		};
		673FBE752185E387000CA6BD /* Sources */ = {
			isa = PBXSourcesBuildPhase;
			buildActionMask = 2147483647;
			files = (
				673FBE7E2185E387000CA6BD /* NEWRIBAOTests.m in Sources */,
			);
			runOnlyForDeploymentPostprocessing = 0;
		};
		673FBE802185E387000CA6BD /* Sources */ = {
			isa = PBXSourcesBuildPhase;
			buildActionMask = 2147483647;
			files = (
				673FBE892185E387000CA6BD /* NEWRIBAOUITests.m in Sources */,
			);
			runOnlyForDeploymentPostprocessing = 0;
		};
/* End PBXSourcesBuildPhase section */

/* Begin PBXTargetDependency section */
		673FBE7B2185E387000CA6BD /* PBXTargetDependency */ = {
			isa = PBXTargetDependency;
			target = 673FBE602185E387000CA6BD /* NEWRIBAO */;
			targetProxy = 673FBE7A2185E387000CA6BD /* PBXContainerItemProxy */;
		};
		673FBE862185E387000CA6BD /* PBXTargetDependency */ = {
			isa = PBXTargetDependency;
			target = 673FBE602185E387000CA6BD /* NEWRIBAO */;
			targetProxy = 673FBE852185E387000CA6BD /* PBXContainerItemProxy */;
		};
/* End PBXTargetDependency section */

/* Begin PBXVariantGroup section */
		673FBE6A2185E387000CA6BD /* Main.storyboard */ = {
			isa = PBXVariantGroup;
			children = (
				673FBE6B2185E387000CA6BD /* Base */,
			);
			name = Main.storyboard;
			sourceTree = "<group>";
		};
		673FBE6F2185E387000CA6BD /* LaunchScreen.storyboard */ = {
			isa = PBXVariantGroup;
			children = (
				673FBE702185E387000CA6BD /* Base */,
			);
			name = LaunchScreen.storyboard;
			sourceTree = "<group>";
		};
/* End PBXVariantGroup section */

/* Begin XCBuildConfiguration section */
		673FBE8B2185E387000CA6BD /* Debug */ = {
			isa = XCBuildConfiguration;
			buildSettings = {
				ALWAYS_SEARCH_USER_PATHS = NO;
				CLANG_ANALYZER_NONNULL = YES;
				CLANG_ANALYZER_NUMBER_OBJECT_CONVERSION = YES_AGGRESSIVE;
				CLANG_CXX_LANGUAGE_STANDARD = "gnu++14";
				CLANG_CXX_LIBRARY = "libc++";
				CLANG_ENABLE_MODULES = YES;
				CLANG_ENABLE_OBJC_ARC = YES;
				CLANG_WARN_BLOCK_CAPTURE_AUTORELEASING = YES;
				CLANG_WARN_BOOL_CONVERSION = YES;
				CLANG_WARN_COMMA = YES;
				CLANG_WARN_CONSTANT_CONVERSION = YES;
				CLANG_WARN_DIRECT_OBJC_ISA_USAGE = YES_ERROR;
				CLANG_WARN_DOCUMENTATION_COMMENTS = YES;
				CLANG_WARN_EMPTY_BODY = YES;
				CLANG_WARN_ENUM_CONVERSION = YES;
				CLANG_WARN_INFINITE_RECURSION = YES;
				CLANG_WARN_INT_CONVERSION = YES;
				CLANG_WARN_NON_LITERAL_NULL_CONVERSION = YES;
				CLANG_WARN_OBJC_LITERAL_CONVERSION = YES;
				CLANG_WARN_OBJC_ROOT_CLASS = YES_ERROR;
				CLANG_WARN_RANGE_LOOP_ANALYSIS = YES;
				CLANG_WARN_STRICT_PROTOTYPES = YES;
				CLANG_WARN_SUSPICIOUS_MOVE = YES;
				CLANG_WARN_UNGUARDED_AVAILABILITY = YES_AGGRESSIVE;
				CLANG_WARN_UNREACHABLE_CODE = YES;
				CLANG_WARN__DUPLICATE_METHOD_MATCH = YES;
				CODE_SIGN_IDENTITY = "iPhone Developer";
				COPY_PHASE_STRIP = NO;
				DEBUG_INFORMATION_FORMAT = dwarf;
				ENABLE_STRICT_OBJC_MSGSEND = YES;
				ENABLE_TESTABILITY = YES;
				GCC_C_LANGUAGE_STANDARD = gnu11;
				GCC_DYNAMIC_NO_PIC = NO;
				GCC_NO_COMMON_BLOCKS = YES;
				GCC_OPTIMIZATION_LEVEL = 0;
				GCC_PREPROCESSOR_DEFINITIONS = (
					"DEBUG=1",
					"$(inherited)",
				);
				GCC_WARN_64_TO_32_BIT_CONVERSION = YES;
				GCC_WARN_ABOUT_RETURN_TYPE = YES_ERROR;
				GCC_WARN_UNDECLARED_SELECTOR = YES;
				GCC_WARN_UNINITIALIZED_AUTOS = YES_AGGRESSIVE;
				GCC_WARN_UNUSED_FUNCTION = YES;
				GCC_WARN_UNUSED_VARIABLE = YES;
				IPHONEOS_DEPLOYMENT_TARGET = 11.0;
				MTL_ENABLE_DEBUG_INFO = YES;
				ONLY_ACTIVE_ARCH = YES;
				SDKROOT = iphoneos;
			};
			name = Debug;
		};
		673FBE8C2185E387000CA6BD /* Release */ = {
			isa = XCBuildConfiguration;
			buildSettings = {
				ALWAYS_SEARCH_USER_PATHS = NO;
				CLANG_ANALYZER_NONNULL = YES;
				CLANG_ANALYZER_NUMBER_OBJECT_CONVERSION = YES_AGGRESSIVE;
				CLANG_CXX_LANGUAGE_STANDARD = "gnu++14";
				CLANG_CXX_LIBRARY = "libc++";
				CLANG_ENABLE_MODULES = YES;
				CLANG_ENABLE_OBJC_ARC = YES;
				CLANG_WARN_BLOCK_CAPTURE_AUTORELEASING = YES;
				CLANG_WARN_BOOL_CONVERSION = YES;
				CLANG_WARN_COMMA = YES;
				CLANG_WARN_CONSTANT_CONVERSION = YES;
				CLANG_WARN_DIRECT_OBJC_ISA_USAGE = YES_ERROR;
				CLANG_WARN_DOCUMENTATION_COMMENTS = YES;
				CLANG_WARN_EMPTY_BODY = YES;
				CLANG_WARN_ENUM_CONVERSION = YES;
				CLANG_WARN_INFINITE_RECURSION = YES;
				CLANG_WARN_INT_CONVERSION = YES;
				CLANG_WARN_NON_LITERAL_NULL_CONVERSION = YES;
				CLANG_WARN_OBJC_LITERAL_CONVERSION = YES;
				CLANG_WARN_OBJC_ROOT_CLASS = YES_ERROR;
				CLANG_WARN_RANGE_LOOP_ANALYSIS = YES;
				CLANG_WARN_STRICT_PROTOTYPES = YES;
				CLANG_WARN_SUSPICIOUS_MOVE = YES;
				CLANG_WARN_UNGUARDED_AVAILABILITY = YES_AGGRESSIVE;
				CLANG_WARN_UNREACHABLE_CODE = YES;
				CLANG_WARN__DUPLICATE_METHOD_MATCH = YES;
				CODE_SIGN_IDENTITY = "iPhone Developer";
				COPY_PHASE_STRIP = NO;
				DEBUG_INFORMATION_FORMAT = "dwarf-with-dsym";
				ENABLE_NS_ASSERTIONS = NO;
				ENABLE_STRICT_OBJC_MSGSEND = YES;
				GCC_C_LANGUAGE_STANDARD = gnu11;
				GCC_NO_COMMON_BLOCKS = YES;
				GCC_WARN_64_TO_32_BIT_CONVERSION = YES;
				GCC_WARN_ABOUT_RETURN_TYPE = YES_ERROR;
				GCC_WARN_UNDECLARED_SELECTOR = YES;
				GCC_WARN_UNINITIALIZED_AUTOS = YES_AGGRESSIVE;
				GCC_WARN_UNUSED_FUNCTION = YES;
				GCC_WARN_UNUSED_VARIABLE = YES;
				IPHONEOS_DEPLOYMENT_TARGET = 11.0;
				MTL_ENABLE_DEBUG_INFO = NO;
				SDKROOT = iphoneos;
				VALIDATE_PRODUCT = YES;
			};
			name = Release;
		};
		673FBE8E2185E387000CA6BD /* Debug */ = {
			isa = XCBuildConfiguration;
			baseConfigurationReference = 0DCD996643A0C5AE81961D7E /* Pods-NEWRIBAO.debug.xcconfig */;
			buildSettings = {
				ASSETCATALOG_COMPILER_APPICON_NAME = AppIcon;
				CODE_SIGN_STYLE = Automatic;
				INFOPLIST_FILE = NEWRIBAO/Info.plist;
				LD_RUNPATH_SEARCH_PATHS = "$(inherited) @executable_path/Frameworks";
				PRODUCT_BUNDLE_IDENTIFIER = fist.NEWRIBAO;
				PRODUCT_NAME = "$(TARGET_NAME)";
				TARGETED_DEVICE_FAMILY = "1,2";
			};
			name = Debug;
		};
		673FBE8F2185E387000CA6BD /* Release */ = {
			isa = XCBuildConfiguration;
			baseConfigurationReference = 7AE6F0FB462B09A7B3D74B4E /* Pods-NEWRIBAO.release.xcconfig */;
			buildSettings = {
				ASSETCATALOG_COMPILER_APPICON_NAME = AppIcon;
				CODE_SIGN_STYLE = Automatic;
				INFOPLIST_FILE = NEWRIBAO/Info.plist;
				LD_RUNPATH_SEARCH_PATHS = "$(inherited) @executable_path/Frameworks";
				PRODUCT_BUNDLE_IDENTIFIER = fist.NEWRIBAO;
				PRODUCT_NAME = "$(TARGET_NAME)";
				TARGETED_DEVICE_FAMILY = "1,2";
			};
			name = Release;
		};
		673FBE912185E387000CA6BD /* Debug */ = {
			isa = XCBuildConfiguration;
			buildSettings = {
				BUNDLE_LOADER = "$(TEST_HOST)";
				CODE_SIGN_STYLE = Automatic;
				INFOPLIST_FILE = NEWRIBAOTests/Info.plist;
				LD_RUNPATH_SEARCH_PATHS = "$(inherited) @executable_path/Frameworks @loader_path/Frameworks";
				PRODUCT_BUNDLE_IDENTIFIER = fist.NEWRIBAOTests;
				PRODUCT_NAME = "$(TARGET_NAME)";
				TARGETED_DEVICE_FAMILY = "1,2";
				TEST_HOST = "$(BUILT_PRODUCTS_DIR)/NEWRIBAO.app/NEWRIBAO";
			};
			name = Debug;
		};
		673FBE922185E387000CA6BD /* Release */ = {
			isa = XCBuildConfiguration;
			buildSettings = {
				BUNDLE_LOADER = "$(TEST_HOST)";
				CODE_SIGN_STYLE = Automatic;
				INFOPLIST_FILE = NEWRIBAOTests/Info.plist;
				LD_RUNPATH_SEARCH_PATHS = "$(inherited) @executable_path/Frameworks @loader_path/Frameworks";
				PRODUCT_BUNDLE_IDENTIFIER = fist.NEWRIBAOTests;
				PRODUCT_NAME = "$(TARGET_NAME)";
				TARGETED_DEVICE_FAMILY = "1,2";
				TEST_HOST = "$(BUILT_PRODUCTS_DIR)/NEWRIBAO.app/NEWRIBAO";
			};
			name = Release;
		};
		673FBE942185E387000CA6BD /* Debug */ = {
			isa = XCBuildConfiguration;
			buildSettings = {
				CODE_SIGN_STYLE = Automatic;
				INFOPLIST_FILE = NEWRIBAOUITests/Info.plist;
				LD_RUNPATH_SEARCH_PATHS = "$(inherited) @executable_path/Frameworks @loader_path/Frameworks";
				PRODUCT_BUNDLE_IDENTIFIER = fist.NEWRIBAOUITests;
				PRODUCT_NAME = "$(TARGET_NAME)";
				TARGETED_DEVICE_FAMILY = "1,2";
				TEST_TARGET_NAME = NEWRIBAO;
			};
			name = Debug;
		};
		673FBE952185E387000CA6BD /* Release */ = {
			isa = XCBuildConfiguration;
			buildSettings = {
				CODE_SIGN_STYLE = Automatic;
				INFOPLIST_FILE = NEWRIBAOUITests/Info.plist;
				LD_RUNPATH_SEARCH_PATHS = "$(inherited) @executable_path/Frameworks @loader_path/Frameworks";
				PRODUCT_BUNDLE_IDENTIFIER = fist.NEWRIBAOUITests;
				PRODUCT_NAME = "$(TARGET_NAME)";
				TARGETED_DEVICE_FAMILY = "1,2";
				TEST_TARGET_NAME = NEWRIBAO;
			};
			name = Release;
		};
/* End XCBuildConfiguration section */

/* Begin XCConfigurationList section */
		673FBE5C2185E387000CA6BD /* Build configuration list for PBXProject "NEWRIBAO" */ = {
			isa = XCConfigurationList;
			buildConfigurations = (
				673FBE8B2185E387000CA6BD /* Debug */,
				673FBE8C2185E387000CA6BD /* Release */,
			);
			defaultConfigurationIsVisible = 0;
			defaultConfigurationName = Release;
		};
		673FBE8D2185E387000CA6BD /* Build configuration list for PBXNativeTarget "NEWRIBAO" */ = {
			isa = XCConfigurationList;
			buildConfigurations = (
				673FBE8E2185E387000CA6BD /* Debug */,
				673FBE8F2185E387000CA6BD /* Release */,
			);
			defaultConfigurationIsVisible = 0;
			defaultConfigurationName = Release;
		};
		673FBE902185E387000CA6BD /* Build configuration list for PBXNativeTarget "NEWRIBAOTests" */ = {
			isa = XCConfigurationList;
			buildConfigurations = (
				673FBE912185E387000CA6BD /* Debug */,
				673FBE922185E387000CA6BD /* Release */,
			);
			defaultConfigurationIsVisible = 0;
			defaultConfigurationName = Release;
		};
		673FBE932185E387000CA6BD /* Build configuration list for PBXNativeTarget "NEWRIBAOUITests" */ = {
			isa = XCConfigurationList;
			buildConfigurations = (
				673FBE942185E387000CA6BD /* Debug */,
				673FBE952185E387000CA6BD /* Release */,
			);
			defaultConfigurationIsVisible = 0;
			defaultConfigurationName = Release;
		};
/* End XCConfigurationList section */
	};
	rootObject = 673FBE592185E387000CA6BD /* Project object */;
}
